// !$*UTF8*$!
{
	archiveVersion = 1;
	classes = {
	};
	objectVersion = 56;
	objects = {

/* Begin PBXBuildFile section */
		4B084A662905F1B800BD0950 /* SwiftUITalkApp.swift in Sources */ = {isa = PBXBuildFile; fileRef = 4B084A652905F1B800BD0950 /* SwiftUITalkApp.swift */; };
		4B084A682905F1B800BD0950 /* ContentView.swift in Sources */ = {isa = PBXBuildFile; fileRef = 4B084A672905F1B800BD0950 /* ContentView.swift */; };
		4B084A6A2905F1BD00BD0950 /* Assets.xcassets in Resources */ = {isa = PBXBuildFile; fileRef = 4B084A692905F1BD00BD0950 /* Assets.xcassets */; };
		4B084A6D2905F1BD00BD0950 /* Preview Assets.xcassets in Resources */ = {isa = PBXBuildFile; fileRef = 4B084A6C2905F1BD00BD0950 /* Preview Assets.xcassets */; };
		4B084A792905F25400BD0950 /* StateView.swift in Sources */ = {isa = PBXBuildFile; fileRef = 4B084A782905F25400BD0950 /* StateView.swift */; };
		4B084A7B2905F26400BD0950 /* BindingView.swift in Sources */ = {isa = PBXBuildFile; fileRef = 4B084A7A2905F26400BD0950 /* BindingView.swift */; };
		4B084A7D2905F27600BD0950 /* StateObjectView.swift in Sources */ = {isa = PBXBuildFile; fileRef = 4B084A7C2905F27600BD0950 /* StateObjectView.swift */; };
		4B084A7F2905F29500BD0950 /* BasicAnimation.swift in Sources */ = {isa = PBXBuildFile; fileRef = 4B084A7E2905F29500BD0950 /* BasicAnimation.swift */; };
		4B084A812905F2A900BD0950 /* DotsLoadingView.swift in Sources */ = {isa = PBXBuildFile; fileRef = 4B084A802905F2A900BD0950 /* DotsLoadingView.swift */; };
		4B084A832905F2BE00BD0950 /* ImageView.swift in Sources */ = {isa = PBXBuildFile; fileRef = 4B084A822905F2BE00BD0950 /* ImageView.swift */; };
		4B084A852905F46300BD0950 /* TextView.swift in Sources */ = {isa = PBXBuildFile; fileRef = 4B084A842905F46300BD0950 /* TextView.swift */; };
		4B084A872905F51700BD0950 /* TransitionView.swift in Sources */ = {isa = PBXBuildFile; fileRef = 4B084A862905F51700BD0950 /* TransitionView.swift */; };
		4B084A892905F82E00BD0950 /* UIKitView.swift in Sources */ = {isa = PBXBuildFile; fileRef = 4B084A882905F82E00BD0950 /* UIKitView.swift */; };
		4B084A8C2905FA1000BD0950 /* ImperativeView.swift in Sources */ = {isa = PBXBuildFile; fileRef = 4B084A8B2905FA1000BD0950 /* ImperativeView.swift */; };
		4B084A8E2905FA9100BD0950 /* Person.swift in Sources */ = {isa = PBXBuildFile; fileRef = 4B084A8D2905FA9100BD0950 /* Person.swift */; };
		4B084A902905FB2E00BD0950 /* DeclarativeView.swift in Sources */ = {isa = PBXBuildFile; fileRef = 4B084A8F2905FB2E00BD0950 /* DeclarativeView.swift */; };
/* End PBXBuildFile section */

/* Begin PBXFileReference section */
		4B084A622905F1B800BD0950 /* SwiftUITalk.app */ = {isa = PBXFileReference; explicitFileType = wrapper.application; includeInIndex = 0; path = SwiftUITalk.app; sourceTree = BUILT_PRODUCTS_DIR; };
		4B084A652905F1B800BD0950 /* SwiftUITalkApp.swift */ = {isa = PBXFileReference; lastKnownFileType = sourcecode.swift; path = SwiftUITalkApp.swift; sourceTree = "<group>"; };
		4B084A672905F1B800BD0950 /* ContentView.swift */ = {isa = PBXFileReference; lastKnownFileType = sourcecode.swift; path = ContentView.swift; sourceTree = "<group>"; };
		4B084A692905F1BD00BD0950 /* Assets.xcassets */ = {isa = PBXFileReference; lastKnownFileType = folder.assetcatalog; path = Assets.xcassets; sourceTree = "<group>"; };
		4B084A6C2905F1BD00BD0950 /* Preview Assets.xcassets */ = {isa = PBXFileReference; lastKnownFileType = folder.assetcatalog; path = "Preview Assets.xcassets"; sourceTree = "<group>"; };
		4B084A782905F25400BD0950 /* StateView.swift */ = {isa = PBXFileReference; lastKnownFileType = sourcecode.swift; path = StateView.swift; sourceTree = "<group>"; };
		4B084A7A2905F26400BD0950 /* BindingView.swift */ = {isa = PBXFileReference; lastKnownFileType = sourcecode.swift; path = BindingView.swift; sourceTree = "<group>"; };
		4B084A7C2905F27600BD0950 /* StateObjectView.swift */ = {isa = PBXFileReference; lastKnownFileType = sourcecode.swift; path = StateObjectView.swift; sourceTree = "<group>"; };
		4B084A7E2905F29500BD0950 /* BasicAnimation.swift */ = {isa = PBXFileReference; lastKnownFileType = sourcecode.swift; path = BasicAnimation.swift; sourceTree = "<group>"; };
		4B084A802905F2A900BD0950 /* DotsLoadingView.swift */ = {isa = PBXFileReference; lastKnownFileType = sourcecode.swift; path = DotsLoadingView.swift; sourceTree = "<group>"; };
		4B084A822905F2BE00BD0950 /* ImageView.swift */ = {isa = PBXFileReference; lastKnownFileType = sourcecode.swift; path = ImageView.swift; sourceTree = "<group>"; };
		4B084A842905F46300BD0950 /* TextView.swift */ = {isa = PBXFileReference; lastKnownFileType = sourcecode.swift; path = TextView.swift; sourceTree = "<group>"; };
		4B084A862905F51700BD0950 /* TransitionView.swift */ = {isa = PBXFileReference; lastKnownFileType = sourcecode.swift; path = TransitionView.swift; sourceTree = "<group>"; };
		4B084A882905F82E00BD0950 /* UIKitView.swift */ = {isa = PBXFileReference; lastKnownFileType = sourcecode.swift; path = UIKitView.swift; sourceTree = "<group>"; };
		4B084A8B2905FA1000BD0950 /* ImperativeView.swift */ = {isa = PBXFileReference; lastKnownFileType = sourcecode.swift; path = ImperativeView.swift; sourceTree = "<group>"; };
		4B084A8D2905FA9100BD0950 /* Person.swift */ = {isa = PBXFileReference; lastKnownFileType = sourcecode.swift; path = Person.swift; sourceTree = "<group>"; };
		4B084A8F2905FB2E00BD0950 /* DeclarativeView.swift */ = {isa = PBXFileReference; lastKnownFileType = sourcecode.swift; path = DeclarativeView.swift; sourceTree = "<group>"; };
/* End PBXFileReference section */

/* Begin PBXFrameworksBuildPhase section */
		4B084A5F2905F1B800BD0950 /* Frameworks */ = {
			isa = PBXFrameworksBuildPhase;
			buildActionMask = 2147483647;
			files = (
			);
			runOnlyForDeploymentPostprocessing = 0;
		};
/* End PBXFrameworksBuildPhase section */

/* Begin PBXGroup section */
		4B084A592905F1B800BD0950 = {
			isa = PBXGroup;
			children = (
				4B084A642905F1B800BD0950 /* SwiftUITalk */,
				4B084A632905F1B800BD0950 /* Products */,
			);
			sourceTree = "<group>";
		};
		4B084A632905F1B800BD0950 /* Products */ = {
			isa = PBXGroup;
			children = (
				4B084A622905F1B800BD0950 /* SwiftUITalk.app */,
			);
			name = Products;
			sourceTree = "<group>";
		};
		4B084A642905F1B800BD0950 /* SwiftUITalk */ = {
			isa = PBXGroup;
			children = (
				4B084A8A2905F9CF00BD0950 /* Introduction */,
				4B084A772905F23200BD0950 /* State */,
				4B084A762905F22600BD0950 /* Animations */,
				4B084A752905F21F00BD0950 /* Lists */,
				4B084A742905F21700BD0950 /* Navigation */,
				4B084A732905F20600BD0950 /* UIKit */,
				4B084A652905F1B800BD0950 /* SwiftUITalkApp.swift */,
				4B084A672905F1B800BD0950 /* ContentView.swift */,
				4B084A692905F1BD00BD0950 /* Assets.xcassets */,
				4B084A6B2905F1BD00BD0950 /* Preview Content */,
				4B084A822905F2BE00BD0950 /* ImageView.swift */,
				4B084A842905F46300BD0950 /* TextView.swift */,
			);
			path = SwiftUITalk;
			sourceTree = "<group>";
		};
		4B084A6B2905F1BD00BD0950 /* Preview Content */ = {
			isa = PBXGroup;
			children = (
				4B084A6C2905F1BD00BD0950 /* Preview Assets.xcassets */,
			);
			path = "Preview Content";
			sourceTree = "<group>";
		};
		4B084A732905F20600BD0950 /* UIKit */ = {
			isa = PBXGroup;
			children = (
				4B084A882905F82E00BD0950 /* UIKitView.swift */,
			);
			path = UIKit;
			sourceTree = "<group>";
		};
		4B084A742905F21700BD0950 /* Navigation */ = {
			isa = PBXGroup;
			children = (
			);
			path = Navigation;
			sourceTree = "<group>";
		};
		4B084A752905F21F00BD0950 /* Lists */ = {
			isa = PBXGroup;
			children = (
			);
			path = Lists;
			sourceTree = "<group>";
		};
		4B084A762905F22600BD0950 /* Animations */ = {
			isa = PBXGroup;
			children = (
				4B084A7E2905F29500BD0950 /* BasicAnimation.swift */,
				4B084A802905F2A900BD0950 /* DotsLoadingView.swift */,
				4B084A862905F51700BD0950 /* TransitionView.swift */,
			);
			path = Animations;
			sourceTree = "<group>";
		};
		4B084A772905F23200BD0950 /* State */ = {
			isa = PBXGroup;
			children = (
				4B084A782905F25400BD0950 /* StateView.swift */,
				4B084A7A2905F26400BD0950 /* BindingView.swift */,
				4B084A7C2905F27600BD0950 /* StateObjectView.swift */,
			);
			path = State;
			sourceTree = "<group>";
		};
		4B084A8A2905F9CF00BD0950 /* Introduction */ = {
			isa = PBXGroup;
			children = (
				4B084A8B2905FA1000BD0950 /* ImperativeView.swift */,
				4B084A8D2905FA9100BD0950 /* Person.swift */,
				4B084A8F2905FB2E00BD0950 /* DeclarativeView.swift */,
			);
			path = Introduction;
			sourceTree = "<group>";
		};
/* End PBXGroup section */

/* Begin PBXNativeTarget section */
		4B084A612905F1B800BD0950 /* SwiftUITalk */ = {
			isa = PBXNativeTarget;
			buildConfigurationList = 4B084A702905F1BD00BD0950 /* Build configuration list for PBXNativeTarget "SwiftUITalk" */;
			buildPhases = (
				4B084A5E2905F1B800BD0950 /* Sources */,
				4B084A5F2905F1B800BD0950 /* Frameworks */,
				4B084A602905F1B800BD0950 /* Resources */,
			);
			buildRules = (
			);
			dependencies = (
			);
			name = SwiftUITalk;
			productName = SwiftUITalk;
			productReference = 4B084A622905F1B800BD0950 /* SwiftUITalk.app */;
			productType = "com.apple.product-type.application";
		};
/* End PBXNativeTarget section */

/* Begin PBXProject section */
		4B084A5A2905F1B800BD0950 /* Project object */ = {
			isa = PBXProject;
			attributes = {
				BuildIndependentTargetsInParallel = 1;
				LastSwiftUpdateCheck = 1400;
				LastUpgradeCheck = 1400;
				TargetAttributes = {
					4B084A612905F1B800BD0950 = {
						CreatedOnToolsVersion = 14.0;
					};
				};
			};
			buildConfigurationList = 4B084A5D2905F1B800BD0950 /* Build configuration list for PBXProject "SwiftUITalk" */;
			compatibilityVersion = "Xcode 14.0";
			developmentRegion = en;
			hasScannedForEncodings = 0;
			knownRegions = (
				en,
				Base,
			);
			mainGroup = 4B084A592905F1B800BD0950;
			productRefGroup = 4B084A632905F1B800BD0950 /* Products */;
			projectDirPath = "";
			projectRoot = "";
			targets = (
				4B084A612905F1B800BD0950 /* SwiftUITalk */,
			);
		};
/* End PBXProject section */

/* Begin PBXResourcesBuildPhase section */
		4B084A602905F1B800BD0950 /* Resources */ = {
			isa = PBXResourcesBuildPhase;
			buildActionMask = 2147483647;
			files = (
				4B084A6D2905F1BD00BD0950 /* Preview Assets.xcassets in Resources */,
				4B084A6A2905F1BD00BD0950 /* Assets.xcassets in Resources */,
			);
			runOnlyForDeploymentPostprocessing = 0;
		};
/* End PBXResourcesBuildPhase section */

/* Begin PBXSourcesBuildPhase section */
		4B084A5E2905F1B800BD0950 /* Sources */ = {
			isa = PBXSourcesBuildPhase;
			buildActionMask = 2147483647;
			files = (
				4B084A832905F2BE00BD0950 /* ImageView.swift in Sources */,
				4B084A792905F25400BD0950 /* StateView.swift in Sources */,
				4B084A682905F1B800BD0950 /* ContentView.swift in Sources */,
				4B084A872905F51700BD0950 /* TransitionView.swift in Sources */,
				4B084A7B2905F26400BD0950 /* BindingView.swift in Sources */,
				4B084A902905FB2E00BD0950 /* DeclarativeView.swift in Sources */,
				4B084A812905F2A900BD0950 /* DotsLoadingView.swift in Sources */,
				4B084A8C2905FA1000BD0950 /* ImperativeView.swift in Sources */,
				4B084A892905F82E00BD0950 /* UIKitView.swift in Sources */,
				4B084A7D2905F27600BD0950 /* StateObjectView.swift in Sources */,
				4B084A852905F46300BD0950 /* TextView.swift in Sources */,
				4B084A8E2905FA9100BD0950 /* Person.swift in Sources */,
				4B084A662905F1B800BD0950 /* SwiftUITalkApp.swift in Sources */,
				4B084A7F2905F29500BD0950 /* BasicAnimation.swift in Sources */,
			);
			runOnlyForDeploymentPostprocessing = 0;
		};
/* End PBXSourcesBuildPhase section */

/* Begin XCBuildConfiguration section */
		4B084A6E2905F1BD00BD0950 /* Debug */ = {
			isa = XCBuildConfiguration;
			buildSettings = {
				ALWAYS_SEARCH_USER_PATHS = NO;
				CLANG_ANALYZER_NONNULL = YES;
				CLANG_ANALYZER_NUMBER_OBJECT_CONVERSION = YES_AGGRESSIVE;
				CLANG_CXX_LANGUAGE_STANDARD = "gnu++20";
				CLANG_ENABLE_MODULES = YES;
				CLANG_ENABLE_OBJC_ARC = YES;
				CLANG_ENABLE_OBJC_WEAK = YES;
				CLANG_WARN_BLOCK_CAPTURE_AUTORELEASING = YES;
				CLANG_WARN_BOOL_CONVERSION = YES;
				CLANG_WARN_COMMA = YES;
				CLANG_WARN_CONSTANT_CONVERSION = YES;
				CLANG_WARN_DEPRECATED_OBJC_IMPLEMENTATIONS = YES;
				CLANG_WARN_DIRECT_OBJC_ISA_USAGE = YES_ERROR;
				CLANG_WARN_DOCUMENTATION_COMMENTS = YES;
				CLANG_WARN_EMPTY_BODY = YES;
				CLANG_WARN_ENUM_CONVERSION = YES;
				CLANG_WARN_INFINITE_RECURSION = YES;
				CLANG_WARN_INT_CONVERSION = YES;
				CLANG_WARN_NON_LITERAL_NULL_CONVERSION = YES;
				CLANG_WARN_OBJC_IMPLICIT_RETAIN_SELF = YES;
				CLANG_WARN_OBJC_LITERAL_CONVERSION = YES;
				CLANG_WARN_OBJC_ROOT_CLASS = YES_ERROR;
				CLANG_WARN_QUOTED_INCLUDE_IN_FRAMEWORK_HEADER = YES;
				CLANG_WARN_RANGE_LOOP_ANALYSIS = YES;
				CLANG_WARN_STRICT_PROTOTYPES = YES;
				CLANG_WARN_SUSPICIOUS_MOVE = YES;
				CLANG_WARN_UNGUARDED_AVAILABILITY = YES_AGGRESSIVE;
				CLANG_WARN_UNREACHABLE_CODE = YES;
				CLANG_WARN__DUPLICATE_METHOD_MATCH = YES;
				COPY_PHASE_STRIP = NO;
				DEBUG_INFORMATION_FORMAT = dwarf;
				ENABLE_STRICT_OBJC_MSGSEND = YES;
				ENABLE_TESTABILITY = YES;
				GCC_C_LANGUAGE_STANDARD = gnu11;
				GCC_DYNAMIC_NO_PIC = NO;
				GCC_NO_COMMON_BLOCKS = YES;
				GCC_OPTIMIZATION_LEVEL = 0;
				GCC_PREPROCESSOR_DEFINITIONS = (
					"DEBUG=1",
					"$(inherited)",
				);
				GCC_WARN_64_TO_32_BIT_CONVERSION = YES;
				GCC_WARN_ABOUT_RETURN_TYPE = YES_ERROR;
				GCC_WARN_UNDECLARED_SELECTOR = YES;
				GCC_WARN_UNINITIALIZED_AUTOS = YES_AGGRESSIVE;
				GCC_WARN_UNUSED_FUNCTION = YES;
				GCC_WARN_UNUSED_VARIABLE = YES;
				IPHONEOS_DEPLOYMENT_TARGET = 16.0;
				MTL_ENABLE_DEBUG_INFO = INCLUDE_SOURCE;
				MTL_FAST_MATH = YES;
				ONLY_ACTIVE_ARCH = YES;
				SDKROOT = iphoneos;
				SWIFT_ACTIVE_COMPILATION_CONDITIONS = DEBUG;
				SWIFT_OPTIMIZATION_LEVEL = "-Onone";
			};
			name = Debug;
		};
		4B084A6F2905F1BD00BD0950 /* Release */ = {
			isa = XCBuildConfiguration;
			buildSettings = {
				ALWAYS_SEARCH_USER_PATHS = NO;
				CLANG_ANALYZER_NONNULL = YES;
				CLANG_ANALYZER_NUMBER_OBJECT_CONVERSION = YES_AGGRESSIVE;
				CLANG_CXX_LANGUAGE_STANDARD = "gnu++20";
				CLANG_ENABLE_MODULES = YES;
				CLANG_ENABLE_OBJC_ARC = YES;
				CLANG_ENABLE_OBJC_WEAK = YES;
				CLANG_WARN_BLOCK_CAPTURE_AUTORELEASING = YES;
				CLANG_WARN_BOOL_CONVERSION = YES;
				CLANG_WARN_COMMA = YES;
				CLANG_WARN_CONSTANT_CONVERSION = YES;
				CLANG_WARN_DEPRECATED_OBJC_IMPLEMENTATIONS = YES;
				CLANG_WARN_DIRECT_OBJC_ISA_USAGE = YES_ERROR;
				CLANG_WARN_DOCUMENTATION_COMMENTS = YES;
				CLANG_WARN_EMPTY_BODY = YES;
				CLANG_WARN_ENUM_CONVERSION = YES;
				CLANG_WARN_INFINITE_RECURSION = YES;
				CLANG_WARN_INT_CONVERSION = YES;
				CLANG_WARN_NON_LITERAL_NULL_CONVERSION = YES;
				CLANG_WARN_OBJC_IMPLICIT_RETAIN_SELF = YES;
				CLANG_WARN_OBJC_LITERAL_CONVERSION = YES;
				CLANG_WARN_OBJC_ROOT_CLASS = YES_ERROR;
				CLANG_WARN_QUOTED_INCLUDE_IN_FRAMEWORK_HEADER = YES;
				CLANG_WARN_RANGE_LOOP_ANALYSIS = YES;
				CLANG_WARN_STRICT_PROTOTYPES = YES;
				CLANG_WARN_SUSPICIOUS_MOVE = YES;
				CLANG_WARN_UNGUARDED_AVAILABILITY = YES_AGGRESSIVE;
				CLANG_WARN_UNREACHABLE_CODE = YES;
				CLANG_WARN__DUPLICATE_METHOD_MATCH = YES;
				COPY_PHASE_STRIP = NO;
				DEBUG_INFORMATION_FORMAT = "dwarf-with-dsym";
				ENABLE_NS_ASSERTIONS = NO;
				ENABLE_STRICT_OBJC_MSGSEND = YES;
				GCC_C_LANGUAGE_STANDARD = gnu11;
				GCC_NO_COMMON_BLOCKS = YES;
				GCC_WARN_64_TO_32_BIT_CONVERSION = YES;
				GCC_WARN_ABOUT_RETURN_TYPE = YES_ERROR;
				GCC_WARN_UNDECLARED_SELECTOR = YES;
				GCC_WARN_UNINITIALIZED_AUTOS = YES_AGGRESSIVE;
				GCC_WARN_UNUSED_FUNCTION = YES;
				GCC_WARN_UNUSED_VARIABLE = YES;
				IPHONEOS_DEPLOYMENT_TARGET = 16.0;
				MTL_ENABLE_DEBUG_INFO = NO;
				MTL_FAST_MATH = YES;
				SDKROOT = iphoneos;
				SWIFT_COMPILATION_MODE = wholemodule;
				SWIFT_OPTIMIZATION_LEVEL = "-O";
				VALIDATE_PRODUCT = YES;
			};
			name = Release;
		};
		4B084A712905F1BD00BD0950 /* Debug */ = {
			isa = XCBuildConfiguration;
			buildSettings = {
				ASSETCATALOG_COMPILER_APPICON_NAME = AppIcon;
				ASSETCATALOG_COMPILER_GLOBAL_ACCENT_COLOR_NAME = AccentColor;
				CODE_SIGN_STYLE = Automatic;
				CURRENT_PROJECT_VERSION = 1;
				DEVELOPMENT_ASSET_PATHS = "\"SwiftUITalk/Preview Content\"";
				DEVELOPMENT_TEAM = GZNR5GETS3;
				ENABLE_PREVIEWS = YES;
				GENERATE_INFOPLIST_FILE = YES;
				INFOPLIST_KEY_UIApplicationSceneManifest_Generation = YES;
				INFOPLIST_KEY_UIApplicationSupportsIndirectInputEvents = YES;
				INFOPLIST_KEY_UILaunchScreen_Generation = YES;
				INFOPLIST_KEY_UISupportedInterfaceOrientations_iPad = "UIInterfaceOrientationPortrait UIInterfaceOrientationPortraitUpsideDown UIInterfaceOrientationLandscapeLeft UIInterfaceOrientationLandscapeRight";
				INFOPLIST_KEY_UISupportedInterfaceOrientations_iPhone = "UIInterfaceOrientationPortrait UIInterfaceOrientationLandscapeLeft UIInterfaceOrientationLandscapeRight";
				LD_RUNPATH_SEARCH_PATHS = (
					"$(inherited)",
					"@executable_path/Frameworks",
				);
				MARKETING_VERSION = 1.0;
				PRODUCT_BUNDLE_IDENTIFIER = com.santimattius.SwiftUITalk;
				PRODUCT_NAME = "$(TARGET_NAME)";
				SWIFT_EMIT_LOC_STRINGS = YES;
				SWIFT_VERSION = 5.0;
				TARGETED_DEVICE_FAMILY = "1,2";
			};
			name = Debug;
		};
		4B084A722905F1BD00BD0950 /* Release */ = {
			isa = XCBuildConfiguration;
			buildSettings = {
				ASSETCATALOG_COMPILER_APPICON_NAME = AppIcon;
				ASSETCATALOG_COMPILER_GLOBAL_ACCENT_COLOR_NAME = AccentColor;
				CODE_SIGN_STYLE = Automatic;
				CURRENT_PROJECT_VERSION = 1;
				DEVELOPMENT_ASSET_PATHS = "\"SwiftUITalk/Preview Content\"";
				DEVELOPMENT_TEAM = GZNR5GETS3;
				ENABLE_PREVIEWS = YES;
				GENERATE_INFOPLIST_FILE = YES;
				INFOPLIST_KEY_UIApplicationSceneManifest_Generation = YES;
				INFOPLIST_KEY_UIApplicationSupportsIndirectInputEvents = YES;
				INFOPLIST_KEY_UILaunchScreen_Generation = YES;
				INFOPLIST_KEY_UISupportedInterfaceOrientations_iPad = "UIInterfaceOrientationPortrait UIInterfaceOrientationPortraitUpsideDown UIInterfaceOrientationLandscapeLeft UIInterfaceOrientationLandscapeRight";
				INFOPLIST_KEY_UISupportedInterfaceOrientations_iPhone = "UIInterfaceOrientationPortrait UIInterfaceOrientationLandscapeLeft UIInterfaceOrientationLandscapeRight";
				LD_RUNPATH_SEARCH_PATHS = (
					"$(inherited)",
					"@executable_path/Frameworks",
				);
				MARKETING_VERSION = 1.0;
				PRODUCT_BUNDLE_IDENTIFIER = com.santimattius.SwiftUITalk;
				PRODUCT_NAME = "$(TARGET_NAME)";
				SWIFT_EMIT_LOC_STRINGS = YES;
				SWIFT_VERSION = 5.0;
				TARGETED_DEVICE_FAMILY = "1,2";
			};
			name = Release;
		};
/* End XCBuildConfiguration section */

/* Begin XCConfigurationList section */
		4B084A5D2905F1B800BD0950 /* Build configuration list for PBXProject "SwiftUITalk" */ = {
			isa = XCConfigurationList;
			buildConfigurations = (
				4B084A6E2905F1BD00BD0950 /* Debug */,
				4B084A6F2905F1BD00BD0950 /* Release */,
			);
			defaultConfigurationIsVisible = 0;
			defaultConfigurationName = Release;
		};
		4B084A702905F1BD00BD0950 /* Build configuration list for PBXNativeTarget "SwiftUITalk" */ = {
			isa = XCConfigurationList;
			buildConfigurations = (
				4B084A712905F1BD00BD0950 /* Debug */,
				4B084A722905F1BD00BD0950 /* Release */,
			);
			defaultConfigurationIsVisible = 0;
			defaultConfigurationName = Release;
		};
/* End XCConfigurationList section */
	};
	rootObject = 4B084A5A2905F1B800BD0950 /* Project object */;
}
